
Microsoft Visual Studio Solution File, Format Version 12.00
# Visual Studio Version 16
VisualStudioVersion = 16.0.30413.136
MinimumVisualStudioVersion = 10.0.40219.1
Project("{FAE04EC0-301F-11D3-BF4B-00C04F79EFBC}") = "AS_PD_v4", "AS_PD_v4\AS_PD_v4.csproj", "{2DD807B3-7D56-4048-8075-40BEE6DB888D}"
EndProject
Global
	GlobalSection(SolutionConfigurationPlatforms) = preSolution
		Debug|Any CPU = Debug|Any CPU
		Release|Any CPU = Release|Any CPU
	EndGlobalSection
	GlobalSection(ProjectConfigurationPlatforms) = postSolution
		{2DD807B3-7D56-4048-8075-40BEE6DB888D}.Debug|Any CPU.ActiveCfg = Debug|Any CPU
		{2DD807B3-7D56-4048-8075-40BEE6DB888D}.Debug|Any CPU.Build.0 = Debug|Any CPU
		{2DD807B3-7D56-4048-8075-40BEE6DB888D}.Release|Any CPU.ActiveCfg = Release|Any CPU
		{2DD807B3-7D56-4048-8075-40BEE6DB888D}.Release|Any CPU.Build.0 = Release|Any CPU
	EndGlobalSection
	GlobalSection(SolutionProperties) = preSolution
		HideSolutionNode = FALSE
	EndGlobalSection
	GlobalSection(ExtensibilityGlobals) = postSolution
		SolutionGuid = {08580F66-99A0-4027-8C01-DB126292974D}
	EndGlobalSection
EndGlobal
